{
  "name": "test",
  "lockfileVersion": 3,
  "requires": true,
  "packages": {
    "": {
      "dependencies": {
        "package-test": "file:../package-test"
      }
    },
    "../package-test": {
      "version": "1.0.0",
      "license": "ISC"
    },
    "node_modules/package-test": {
      "resolved": "../package-test",
      "link": true
    }
  }
}
